
Microsoft Visual Studio Solution File, Format Version 12.00
# Visual Studio 14
VisualStudioVersion = 14.0.25420.1
MinimumVisualStudioVersion = 10.0.40219.1
Project("{FAE04EC0-301F-11D3-BF4B-00C04F79EFBC}") = "AtsWmsTransferPalletMissionService", "AtsWmsTransferPalletMissionService\AtsWmsTransferPalletMissionService.csproj", "{1B122408-4E43-42F6-B882-B5AF945FAF12}"
EndProject
Project("{6141683F-8A12-4E36-9623-2EB02B2C2303}") = "AtsWmsTransferPalletMissServSetupTM", "AtsWmsTransferPalletMissServSetupTM\AtsWmsTransferPalletMissServSetupTM.isproj", "{381A8DBE-05AD-4561-BA67-1C2CE32AE80C}"
	ProjectSection(ProjectDependencies) = postProject
		{1B122408-4E43-42F6-B882-B5AF945FAF12} = {1B122408-4E43-42F6-B882-B5AF945FAF12}
	EndProjectSection
EndProject
Project("{6141683F-8A12-4E36-9623-2EB02B2C2303}") = "AtsWmsTransferPalletMissServSetup1", "AtsWmsTransferPalletMissServSetup1\AtsWmsTransferPalletMissServSetup1.isproj", "{6D02ED70-AE8C-4BF6-90F7-F3629B60B727}"
	ProjectSection(ProjectDependencies) = postProject
		{1B122408-4E43-42F6-B882-B5AF945FAF12} = {1B122408-4E43-42F6-B882-B5AF945FAF12}
	EndProjectSection
EndProject
Project("{6141683F-8A12-4E36-9623-2EB02B2C2303}") = "AtsWmsTransferPalletMissionServSetV2", "AtsWmsTransferPalletMissionServSetV2\AtsWmsTransferPalletMissionServSetV2.isproj", "{4CBCE448-0146-4568-AFA8-CC5EE8F45F92}"
	ProjectSection(ProjectDependencies) = postProject
		{1B122408-4E43-42F6-B882-B5AF945FAF12} = {1B122408-4E43-42F6-B882-B5AF945FAF12}
	EndProjectSection
EndProject
Project("{6141683F-8A12-4E36-9623-2EB02B2C2303}") = "AtsWmsTransferPalletMissServSetV3", "AtsWmsTransferPalletMissServSetV3\AtsWmsTransferPalletMissServSetV3.isproj", "{3943AD12-F17E-4682-8BF5-014E3E12A41F}"
	ProjectSection(ProjectDependencies) = postProject
		{1B122408-4E43-42F6-B882-B5AF945FAF12} = {1B122408-4E43-42F6-B882-B5AF945FAF12}
	EndProjectSection
EndProject
Project("{6141683F-8A12-4E36-9623-2EB02B2C2303}") = "AtsWmsTransferPalletMissServSetV4", "AtsWmsTransferPalletMissServSetV4\AtsWmsTransferPalletMissServSetV4.isproj", "{B4D6991B-364C-42FF-87D5-190DD8570526}"
	ProjectSection(ProjectDependencies) = postProject
		{1B122408-4E43-42F6-B882-B5AF945FAF12} = {1B122408-4E43-42F6-B882-B5AF945FAF12}
	EndProjectSection
EndProject
Project("{6141683F-8A12-4E36-9623-2EB02B2C2303}") = "AtsWmsTransferPalletMissServSetV6", "AtsWmsTransferPalletMissServSetV6\AtsWmsTransferPalletMissServSetV6.isproj", "{831C5172-6EDC-46B5-8279-B90B3DE0724F}"
	ProjectSection(ProjectDependencies) = postProject
		{1B122408-4E43-42F6-B882-B5AF945FAF12} = {1B122408-4E43-42F6-B882-B5AF945FAF12}
	EndProjectSection
EndProject
Project("{6141683F-8A12-4E36-9623-2EB02B2C2303}") = "AtsWmsTransferPalletMissServSetV5", "AtsWmsTransferPalletMissServSetV5\AtsWmsTransferPalletMissServSetV5.isproj", "{A49AC057-F75F-4DB2-8BB9-33853764544A}"
	ProjectSection(ProjectDependencies) = postProject
		{1B122408-4E43-42F6-B882-B5AF945FAF12} = {1B122408-4E43-42F6-B882-B5AF945FAF12}
	EndProjectSection
EndProject
Global
	GlobalSection(SolutionConfigurationPlatforms) = preSolution
		CD_ROM|Any CPU = CD_ROM|Any CPU
		Debug|Any CPU = Debug|Any CPU
		DVD-5|Any CPU = DVD-5|Any CPU
		Release|Any CPU = Release|Any CPU
		SingleImage|Any CPU = SingleImage|Any CPU
	EndGlobalSection
	GlobalSection(ProjectConfigurationPlatforms) = postSolution
		{1B122408-4E43-42F6-B882-B5AF945FAF12}.CD_ROM|Any CPU.ActiveCfg = Release|Any CPU
		{1B122408-4E43-42F6-B882-B5AF945FAF12}.CD_ROM|Any CPU.Build.0 = Release|Any CPU
		{1B122408-4E43-42F6-B882-B5AF945FAF12}.Debug|Any CPU.ActiveCfg = Debug|Any CPU
		{1B122408-4E43-42F6-B882-B5AF945FAF12}.Debug|Any CPU.Build.0 = Debug|Any CPU
		{1B122408-4E43-42F6-B882-B5AF945FAF12}.DVD-5|Any CPU.ActiveCfg = Debug|Any CPU
		{1B122408-4E43-42F6-B882-B5AF945FAF12}.DVD-5|Any CPU.Build.0 = Debug|Any CPU
		{1B122408-4E43-42F6-B882-B5AF945FAF12}.Release|Any CPU.ActiveCfg = Release|Any CPU
		{1B122408-4E43-42F6-B882-B5AF945FAF12}.Release|Any CPU.Build.0 = Release|Any CPU
		{1B122408-4E43-42F6-B882-B5AF945FAF12}.SingleImage|Any CPU.ActiveCfg = Release|Any CPU
		{1B122408-4E43-42F6-B882-B5AF945FAF12}.SingleImage|Any CPU.Build.0 = Release|Any CPU
		{381A8DBE-05AD-4561-BA67-1C2CE32AE80C}.CD_ROM|Any CPU.ActiveCfg = CD_ROM
		{381A8DBE-05AD-4561-BA67-1C2CE32AE80C}.CD_ROM|Any CPU.Build.0 = CD_ROM
		{381A8DBE-05AD-4561-BA67-1C2CE32AE80C}.Debug|Any CPU.ActiveCfg = DVD-5
		{381A8DBE-05AD-4561-BA67-1C2CE32AE80C}.Debug|Any CPU.Build.0 = DVD-5
		{381A8DBE-05AD-4561-BA67-1C2CE32AE80C}.DVD-5|Any CPU.ActiveCfg = DVD-5
		{381A8DBE-05AD-4561-BA67-1C2CE32AE80C}.DVD-5|Any CPU.Build.0 = DVD-5
		{381A8DBE-05AD-4561-BA67-1C2CE32AE80C}.Release|Any CPU.ActiveCfg = SingleImage
		{381A8DBE-05AD-4561-BA67-1C2CE32AE80C}.Release|Any CPU.Build.0 = SingleImage
		{381A8DBE-05AD-4561-BA67-1C2CE32AE80C}.SingleImage|Any CPU.ActiveCfg = SingleImage
		{381A8DBE-05AD-4561-BA67-1C2CE32AE80C}.SingleImage|Any CPU.Build.0 = SingleImage
		{6D02ED70-AE8C-4BF6-90F7-F3629B60B727}.CD_ROM|Any CPU.ActiveCfg = CD_ROM
		{6D02ED70-AE8C-4BF6-90F7-F3629B60B727}.CD_ROM|Any CPU.Build.0 = CD_ROM
		{6D02ED70-AE8C-4BF6-90F7-F3629B60B727}.Debug|Any CPU.ActiveCfg = DVD-5
		{6D02ED70-AE8C-4BF6-90F7-F3629B60B727}.Debug|Any CPU.Build.0 = DVD-5
		{6D02ED70-AE8C-4BF6-90F7-F3629B60B727}.DVD-5|Any CPU.ActiveCfg = DVD-5
		{6D02ED70-AE8C-4BF6-90F7-F3629B60B727}.DVD-5|Any CPU.Build.0 = DVD-5
		{6D02ED70-AE8C-4BF6-90F7-F3629B60B727}.Release|Any CPU.ActiveCfg = SingleImage
		{6D02ED70-AE8C-4BF6-90F7-F3629B60B727}.Release|Any CPU.Build.0 = SingleImage
		{6D02ED70-AE8C-4BF6-90F7-F3629B60B727}.SingleImage|Any CPU.ActiveCfg = SingleImage
		{6D02ED70-AE8C-4BF6-90F7-F3629B60B727}.SingleImage|Any CPU.Build.0 = SingleImage
		{4CBCE448-0146-4568-AFA8-CC5EE8F45F92}.CD_ROM|Any CPU.ActiveCfg = CD_ROM
		{4CBCE448-0146-4568-AFA8-CC5EE8F45F92}.CD_ROM|Any CPU.Build.0 = CD_ROM
		{4CBCE448-0146-4568-AFA8-CC5EE8F45F92}.Debug|Any CPU.ActiveCfg = DVD-5
		{4CBCE448-0146-4568-AFA8-CC5EE8F45F92}.Debug|Any CPU.Build.0 = DVD-5
		{4CBCE448-0146-4568-AFA8-CC5EE8F45F92}.DVD-5|Any CPU.ActiveCfg = DVD-5
		{4CBCE448-0146-4568-AFA8-CC5EE8F45F92}.DVD-5|Any CPU.Build.0 = DVD-5
		{4CBCE448-0146-4568-AFA8-CC5EE8F45F92}.Release|Any CPU.ActiveCfg = SingleImage
		{4CBCE448-0146-4568-AFA8-CC5EE8F45F92}.Release|Any CPU.Build.0 = SingleImage
		{4CBCE448-0146-4568-AFA8-CC5EE8F45F92}.SingleImage|Any CPU.ActiveCfg = SingleImage
		{4CBCE448-0146-4568-AFA8-CC5EE8F45F92}.SingleImage|Any CPU.Build.0 = SingleImage
		{3943AD12-F17E-4682-8BF5-014E3E12A41F}.CD_ROM|Any CPU.ActiveCfg = CD_ROM
		{3943AD12-F17E-4682-8BF5-014E3E12A41F}.CD_ROM|Any CPU.Build.0 = CD_ROM
		{3943AD12-F17E-4682-8BF5-014E3E12A41F}.Debug|Any CPU.ActiveCfg = DVD-5
		{3943AD12-F17E-4682-8BF5-014E3E12A41F}.Debug|Any CPU.Build.0 = DVD-5
		{3943AD12-F17E-4682-8BF5-014E3E12A41F}.DVD-5|Any CPU.ActiveCfg = DVD-5
		{3943AD12-F17E-4682-8BF5-014E3E12A41F}.DVD-5|Any CPU.Build.0 = DVD-5
		{3943AD12-F17E-4682-8BF5-014E3E12A41F}.Release|Any CPU.ActiveCfg = SingleImage
		{3943AD12-F17E-4682-8BF5-014E3E12A41F}.Release|Any CPU.Build.0 = SingleImage
		{3943AD12-F17E-4682-8BF5-014E3E12A41F}.SingleImage|Any CPU.ActiveCfg = SingleImage
		{3943AD12-F17E-4682-8BF5-014E3E12A41F}.SingleImage|Any CPU.Build.0 = SingleImage
		{B4D6991B-364C-42FF-87D5-190DD8570526}.CD_ROM|Any CPU.ActiveCfg = CD_ROM
		{B4D6991B-364C-42FF-87D5-190DD8570526}.CD_ROM|Any CPU.Build.0 = CD_ROM
		{B4D6991B-364C-42FF-87D5-190DD8570526}.Debug|Any CPU.ActiveCfg = DVD-5
		{B4D6991B-364C-42FF-87D5-190DD8570526}.Debug|Any CPU.Build.0 = DVD-5
		{B4D6991B-364C-42FF-87D5-190DD8570526}.DVD-5|Any CPU.ActiveCfg = DVD-5
		{B4D6991B-364C-42FF-87D5-190DD8570526}.DVD-5|Any CPU.Build.0 = DVD-5
		{B4D6991B-364C-42FF-87D5-190DD8570526}.Release|Any CPU.ActiveCfg = SingleImage
		{B4D6991B-364C-42FF-87D5-190DD8570526}.Release|Any CPU.Build.0 = SingleImage
		{B4D6991B-364C-42FF-87D5-190DD8570526}.SingleImage|Any CPU.ActiveCfg = SingleImage
		{B4D6991B-364C-42FF-87D5-190DD8570526}.SingleImage|Any CPU.Build.0 = SingleImage
		{831C5172-6EDC-46B5-8279-B90B3DE0724F}.CD_ROM|Any CPU.ActiveCfg = CD_ROM
		{831C5172-6EDC-46B5-8279-B90B3DE0724F}.CD_ROM|Any CPU.Build.0 = CD_ROM
		{831C5172-6EDC-46B5-8279-B90B3DE0724F}.Debug|Any CPU.ActiveCfg = DVD-5
		{831C5172-6EDC-46B5-8279-B90B3DE0724F}.Debug|Any CPU.Build.0 = DVD-5
		{831C5172-6EDC-46B5-8279-B90B3DE0724F}.DVD-5|Any CPU.ActiveCfg = DVD-5
		{831C5172-6EDC-46B5-8279-B90B3DE0724F}.DVD-5|Any CPU.Build.0 = DVD-5
		{831C5172-6EDC-46B5-8279-B90B3DE0724F}.Release|Any CPU.ActiveCfg = SingleImage
		{831C5172-6EDC-46B5-8279-B90B3DE0724F}.Release|Any CPU.Build.0 = SingleImage
		{831C5172-6EDC-46B5-8279-B90B3DE0724F}.SingleImage|Any CPU.ActiveCfg = SingleImage
		{831C5172-6EDC-46B5-8279-B90B3DE0724F}.SingleImage|Any CPU.Build.0 = SingleImage
		{A49AC057-F75F-4DB2-8BB9-33853764544A}.CD_ROM|Any CPU.ActiveCfg = CD_ROM
		{A49AC057-F75F-4DB2-8BB9-33853764544A}.CD_ROM|Any CPU.Build.0 = CD_ROM
		{A49AC057-F75F-4DB2-8BB9-33853764544A}.Debug|Any CPU.ActiveCfg = DVD-5
		{A49AC057-F75F-4DB2-8BB9-33853764544A}.Debug|Any CPU.Build.0 = DVD-5
		{A49AC057-F75F-4DB2-8BB9-33853764544A}.DVD-5|Any CPU.ActiveCfg = DVD-5
		{A49AC057-F75F-4DB2-8BB9-33853764544A}.DVD-5|Any CPU.Build.0 = DVD-5
		{A49AC057-F75F-4DB2-8BB9-33853764544A}.Release|Any CPU.ActiveCfg = SingleImage
		{A49AC057-F75F-4DB2-8BB9-33853764544A}.Release|Any CPU.Build.0 = SingleImage
		{A49AC057-F75F-4DB2-8BB9-33853764544A}.SingleImage|Any CPU.ActiveCfg = SingleImage
		{A49AC057-F75F-4DB2-8BB9-33853764544A}.SingleImage|Any CPU.Build.0 = SingleImage
	EndGlobalSection
	GlobalSection(SolutionProperties) = preSolution
		HideSolutionNode = FALSE
	EndGlobalSection
EndGlobal
